<?xml version="1.0" encoding="UTF-8" standalone="yes" ?>
<CodeBlocks_project_file>
	<FileVersion major="1" minor="6" />
	<Project>
		<Option title="1337Jump" />
		<Option pch_mode="2" />
		<Option compiler="gcc_mingw-w64_compiler_32-bit" />
		<Build>
			<Target title="Debug">
				<Option output="bin/Debug/1337Jump" prefix_auto="1" extension_auto="1" />
				<Option object_output="obj/Debug/" />
				<Option type="1" />
				<Option compiler="gcc_mingw-w64_compiler_32-bit" />
				<Compiler>
					<Add option="-g" />
				</Compiler>
			</Target>
			<Target title="Release">
				<Option output="bin/Release/1337Jump" prefix_auto="1" extension_auto="1" />
				<Option object_output="obj/Release/" />
				<Option type="1" />
				<Option compiler="gcc_mingw-w64_compiler_32-bit" />
				<Compiler>
					<Add option="-O2" />
				</Compiler>
				<Linker>
					<Add option="-s" />
				</Linker>
			</Target>
		</Build>
		<Compiler>
			<Add option="-Wall" />
			<Add option="-std=c++14" />
			<Add option="-DSFML_STATIC" />
			<Add directory="../../extlib/SFML/include" />
			<Add directory="C:/boost_1_62_0/" />
			<Add directory="../../src" />
		</Compiler>
		<Linker>
			<Add option="-mwindows" />
			<Add option="-mconsole" />
			<Add option="-lsfml-graphics-s" />
			<Add option="-lsfml-window-s" />
			<Add option="-lsfml-system-s" />
			<Add option="-lsfml-audio-s" />
			<Add option="-ljpeg" />
			<Add option="-lopengl32" />
			<Add option="-lglu32" />
			<Add option="-lwinmm" />
			<Add directory="../../extlib/SFML/lib" />
			<Add directory="../../extlib/SFML/extlibs/libs-mingw/x86" />
		</Linker>
		<Unit filename="../../examples/entity.cpp" />
		<Unit filename="../../examples/entity.h" />
		<Unit filename="../../examples/jumper.cpp" />
		<Unit filename="../../examples/jumper.h" />
		<Unit filename="../../examples/main.cpp" />
		<Unit filename="../../examples/resources.h" />
		<Unit filename="../../examples/world.cpp" />
		<Unit filename="../../examples/world.h" />
		<Unit filename="../../src/GrylloEngine/context/contexts.hpp" />
		<Unit filename="../../src/GrylloEngine/context/threadstate.cpp" />
		<Unit filename="../../src/GrylloEngine/context/threadstate.h" />
		<Unit filename="../../src/GrylloEngine/event/event.cpp" />
		<Unit filename="../../src/GrylloEngine/event/event.hpp" />
		<Unit filename="../../src/GrylloEngine/event/eventhandling.cpp" />
		<Unit filename="../../src/GrylloEngine/event/eventhandling.h" />
		<Unit filename="../../src/GrylloEngine/helpers/logger.cpp" />
		<Unit filename="../../src/GrylloEngine/helpers/logger.h" />
		<Unit filename="../../src/GrylloEngine/widget/widgets.cpp" />
		<Unit filename="../../src/GrylloEngine/widget/widgets.h" />
		<Unit filename="../../src/GrylloEngine/window/windowimpl.cpp" />
		<Unit filename="../../src/GrylloEngine/window/windowimpl.hpp" />
		<Unit filename="../../src/GrylloEngine/window/windowrunner.cpp" />
		<Unit filename="../../src/GrylloEngine/window/windowrunner.h" />
		<Unit filename="../../src/loader.h" />
		<Unit filename="../../src/physics.cpp" />
		<Unit filename="../../src/physics.h" />
		<Extensions>
			<code_completion />
			<envvars />
			<debugger />
			<lib_finder disable_auto="1" />
		</Extensions>
	</Project>
</CodeBlocks_project_file>
